
Microsoft Visual Studio Solution File, Format Version 12.00
# Visual Studio Version 17
VisualStudioVersion = 17.0.31912.275
MinimumVisualStudioVersion = 10.0.40219.1
Project("{2150E333-8FDC-42A3-9474-1A3956D46DE8}") = "src", "src", "{1B3302BE-A01E-4D16-8204-6D400CCE51CD}"
EndProject
Project("{2150E333-8FDC-42A3-9474-1A3956D46DE8}") = "test", "test", "{7A742E7D-6F13-494A-BD02-403A8D9138B8}"
EndProject
Project("{FAE04EC0-301F-11D3-BF4B-00C04F79EFBC}") = "Masterly.Autofac.DependenciesScanner", "src\Masterly.Autofac.DependenciesScanner\Masterly.Autofac.DependenciesScanner.csproj", "{785C51A0-8E59-47DA-AFFC-5BDC7C90D5DA}"
EndProject
Project("{FAE04EC0-301F-11D3-BF4B-00C04F79EFBC}") = "Masterly.Autofac.DependenciesScanner.UnitTests", "test\Masterly.Autofac.DependenciesScanner.UnitTests\Masterly.Autofac.DependenciesScanner.UnitTests.csproj", "{D7819E7C-3A61-4916-8B3E-2FEE1A22D292}"
EndProject
Global
	GlobalSection(SolutionConfigurationPlatforms) = preSolution
		Debug|Any CPU = Debug|Any CPU
		Release|Any CPU = Release|Any CPU
	EndGlobalSection
	GlobalSection(ProjectConfigurationPlatforms) = postSolution
		{785C51A0-8E59-47DA-AFFC-5BDC7C90D5DA}.Debug|Any CPU.ActiveCfg = Debug|Any CPU
		{785C51A0-8E59-47DA-AFFC-5BDC7C90D5DA}.Debug|Any CPU.Build.0 = Debug|Any CPU
		{785C51A0-8E59-47DA-AFFC-5BDC7C90D5DA}.Release|Any CPU.ActiveCfg = Release|Any CPU
		{785C51A0-8E59-47DA-AFFC-5BDC7C90D5DA}.Release|Any CPU.Build.0 = Release|Any CPU
		{D7819E7C-3A61-4916-8B3E-2FEE1A22D292}.Debug|Any CPU.ActiveCfg = Debug|Any CPU
		{D7819E7C-3A61-4916-8B3E-2FEE1A22D292}.Debug|Any CPU.Build.0 = Debug|Any CPU
		{D7819E7C-3A61-4916-8B3E-2FEE1A22D292}.Release|Any CPU.ActiveCfg = Release|Any CPU
		{D7819E7C-3A61-4916-8B3E-2FEE1A22D292}.Release|Any CPU.Build.0 = Release|Any CPU
	EndGlobalSection
	GlobalSection(SolutionProperties) = preSolution
		HideSolutionNode = FALSE
	EndGlobalSection
	GlobalSection(NestedProjects) = preSolution
		{785C51A0-8E59-47DA-AFFC-5BDC7C90D5DA} = {1B3302BE-A01E-4D16-8204-6D400CCE51CD}
		{D7819E7C-3A61-4916-8B3E-2FEE1A22D292} = {7A742E7D-6F13-494A-BD02-403A8D9138B8}
	EndGlobalSection
	GlobalSection(ExtensibilityGlobals) = postSolution
		SolutionGuid = {D88C6471-43D2-408F-BD7C-0250EC725A66}
	EndGlobalSection
EndGlobal
